
Microsoft Visual Studio Solution File, Format Version 12.00
# Visual Studio 14
VisualStudioVersion = 14.0.25420.1
MinimumVisualStudioVersion = 10.0.40219.1
Project("{FAE04EC0-301F-11D3-BF4B-00C04F79EFBC}") = "Ejercicio_11", "Ejercicio_11\Ejercicio_11.csproj", "{80000E65-0B73-433E-BE23-780FA138FA78}"
EndProject
Project("{FAE04EC0-301F-11D3-BF4B-00C04F79EFBC}") = "Ejercicio_12", "Ejercicio_12\Ejercicio_12.csproj", "{E7379FDD-ADF4-47C9-A9AE-69B375891561}"
EndProject
Project("{FAE04EC0-301F-11D3-BF4B-00C04F79EFBC}") = "Ejercicio_13", "Ejercicio_13\Ejercicio_13.csproj", "{3ADAA7A8-3E34-4EA4-808B-B473968813F0}"
EndProject
Project("{FAE04EC0-301F-11D3-BF4B-00C04F79EFBC}") = "Ejercicio_14", "Ejercicio_14_editado\Ejercicio_14.csproj", "{710C612B-2C7F-4B19-824C-8A29AA31660C}"
EndProject
Project("{FAE04EC0-301F-11D3-BF4B-00C04F79EFBC}") = "Ejercicio_15", "Ejercicio_15\Ejercicio_15.csproj", "{31AA5771-2C2A-4F6D-8F73-8C8EC382CC55}"
EndProject
Global
	GlobalSection(SolutionConfigurationPlatforms) = preSolution
		Debug|Any CPU = Debug|Any CPU
		Release|Any CPU = Release|Any CPU
	EndGlobalSection
	GlobalSection(ProjectConfigurationPlatforms) = postSolution
		{80000E65-0B73-433E-BE23-780FA138FA78}.Debug|Any CPU.ActiveCfg = Debug|Any CPU
		{80000E65-0B73-433E-BE23-780FA138FA78}.Debug|Any CPU.Build.0 = Debug|Any CPU
		{80000E65-0B73-433E-BE23-780FA138FA78}.Release|Any CPU.ActiveCfg = Release|Any CPU
		{80000E65-0B73-433E-BE23-780FA138FA78}.Release|Any CPU.Build.0 = Release|Any CPU
		{E7379FDD-ADF4-47C9-A9AE-69B375891561}.Debug|Any CPU.ActiveCfg = Debug|Any CPU
		{E7379FDD-ADF4-47C9-A9AE-69B375891561}.Debug|Any CPU.Build.0 = Debug|Any CPU
		{E7379FDD-ADF4-47C9-A9AE-69B375891561}.Release|Any CPU.ActiveCfg = Release|Any CPU
		{E7379FDD-ADF4-47C9-A9AE-69B375891561}.Release|Any CPU.Build.0 = Release|Any CPU
		{3ADAA7A8-3E34-4EA4-808B-B473968813F0}.Debug|Any CPU.ActiveCfg = Debug|Any CPU
		{3ADAA7A8-3E34-4EA4-808B-B473968813F0}.Debug|Any CPU.Build.0 = Debug|Any CPU
		{3ADAA7A8-3E34-4EA4-808B-B473968813F0}.Release|Any CPU.ActiveCfg = Release|Any CPU
		{3ADAA7A8-3E34-4EA4-808B-B473968813F0}.Release|Any CPU.Build.0 = Release|Any CPU
		{710C612B-2C7F-4B19-824C-8A29AA31660C}.Debug|Any CPU.ActiveCfg = Debug|Any CPU
		{710C612B-2C7F-4B19-824C-8A29AA31660C}.Debug|Any CPU.Build.0 = Debug|Any CPU
		{710C612B-2C7F-4B19-824C-8A29AA31660C}.Release|Any CPU.ActiveCfg = Release|Any CPU
		{710C612B-2C7F-4B19-824C-8A29AA31660C}.Release|Any CPU.Build.0 = Release|Any CPU
		{31AA5771-2C2A-4F6D-8F73-8C8EC382CC55}.Debug|Any CPU.ActiveCfg = Debug|Any CPU
		{31AA5771-2C2A-4F6D-8F73-8C8EC382CC55}.Debug|Any CPU.Build.0 = Debug|Any CPU
		{31AA5771-2C2A-4F6D-8F73-8C8EC382CC55}.Release|Any CPU.ActiveCfg = Release|Any CPU
		{31AA5771-2C2A-4F6D-8F73-8C8EC382CC55}.Release|Any CPU.Build.0 = Release|Any CPU
	EndGlobalSection
	GlobalSection(SolutionProperties) = preSolution
		HideSolutionNode = FALSE
	EndGlobalSection
	GlobalSection(ExtensibilityGlobals) = postSolution
		SolutionGuid = {BA2108E1-A12E-47FC-89DA-F1BCD1469493}
	EndGlobalSection
EndGlobal
